
Microsoft Visual Studio Solution File, Format Version 12.00
# Visual Studio Version 17
VisualStudioVersion = 17.4.33103.184
MinimumVisualStudioVersion = 10.0.40219.1
Project("{9A19103F-16F7-4668-BE54-9A1E7A4F7556}") = "GrpcApplication", "GrpcApplication.csproj", "{BAB200BA-FDA3-4E11-A43B-73F5473B8196}"
EndProject
Global
	GlobalSection(SolutionConfigurationPlatforms) = preSolution
		Debug|Any CPU = Debug|Any CPU
		Release|Any CPU = Release|Any CPU
	EndGlobalSection
	GlobalSection(ProjectConfigurationPlatforms) = postSolution
		{BAB200BA-FDA3-4E11-A43B-73F5473B8196}.Debug|Any CPU.ActiveCfg = Debug|Any CPU
		{BAB200BA-FDA3-4E11-A43B-73F5473B8196}.Debug|Any CPU.Build.0 = Debug|Any CPU
		{BAB200BA-FDA3-4E11-A43B-73F5473B8196}.Release|Any CPU.ActiveCfg = Release|Any CPU
		{BAB200BA-FDA3-4E11-A43B-73F5473B8196}.Release|Any CPU.Build.0 = Release|Any CPU
	EndGlobalSection
	GlobalSection(SolutionProperties) = preSolution
		HideSolutionNode = FALSE
	EndGlobalSection
	GlobalSection(ExtensibilityGlobals) = postSolution
		SolutionGuid = {0B521850-150B-4424-A3AD-FC51FAC3B2CE}
	EndGlobalSection
EndGlobal
