
Microsoft Visual Studio Solution File, Format Version 12.00
# Visual Studio Version 17
VisualStudioVersion = 17.4.33103.184
MinimumVisualStudioVersion = 10.0.40219.1
Project("{9A19103F-16F7-4668-BE54-9A1E7A4F7556}") = "GrpcGreeterClient", "GrpcGreeterClient.csproj", "{C499A217-7E67-40C2-B23A-9E180A582931}"
EndProject
Global
	GlobalSection(SolutionConfigurationPlatforms) = preSolution
		Debug|Any CPU = Debug|Any CPU
		Release|Any CPU = Release|Any CPU
	EndGlobalSection
	GlobalSection(ProjectConfigurationPlatforms) = postSolution
		{C499A217-7E67-40C2-B23A-9E180A582931}.Debug|Any CPU.ActiveCfg = Debug|Any CPU
		{C499A217-7E67-40C2-B23A-9E180A582931}.Debug|Any CPU.Build.0 = Debug|Any CPU
		{C499A217-7E67-40C2-B23A-9E180A582931}.Release|Any CPU.ActiveCfg = Release|Any CPU
		{C499A217-7E67-40C2-B23A-9E180A582931}.Release|Any CPU.Build.0 = Release|Any CPU
	EndGlobalSection
	GlobalSection(SolutionProperties) = preSolution
		HideSolutionNode = FALSE
	EndGlobalSection
	GlobalSection(ExtensibilityGlobals) = postSolution
		SolutionGuid = {F1D572D6-10A5-4451-92A0-9C05374C7CE1}
	EndGlobalSection
EndGlobal
